{
  "name": "npm-fake",
  "version": "1.0.0",
  "lockfileVersion": 1,
  "requires": true,
  "dependencies": {
    "openzeppelin-solidity-2.3.0": {
      "version": "100.0.4",
      "resolved": "https://registry.npmjs.org/openzeppelin-solidity-2.3.0/-/openzeppelin-solidity-2.3.0-100.0.4.tgz",
      "integrity": "sha512-HVV2a+QrQ24sPSYNKg9Ck3LkJfQPsQ6AGetNJujFjEA3X+vD4Iz8M6h3z01WJ3mq2aPA/KJ1r2XOYw20NFziHA=="
    }
  }
}
